
Microsoft Visual Studio Solution File, Format Version 12.00
# Visual Studio Version 16
VisualStudioVersion = 16.0.29306.81
MinimumVisualStudioVersion = 10.0.40219.1
Project("{FAE04EC0-301F-11D3-BF4B-00C04F79EFBC}") = "projMedicamento", "projMedicamento\projMedicamento.csproj", "{89EF94FF-BA8D-4FD4-B18E-B6E2C3DDD78E}"
EndProject
Global
	GlobalSection(SolutionConfigurationPlatforms) = preSolution
		Debug|Any CPU = Debug|Any CPU
		Release|Any CPU = Release|Any CPU
	EndGlobalSection
	GlobalSection(ProjectConfigurationPlatforms) = postSolution
		{89EF94FF-BA8D-4FD4-B18E-B6E2C3DDD78E}.Debug|Any CPU.ActiveCfg = Debug|Any CPU
		{89EF94FF-BA8D-4FD4-B18E-B6E2C3DDD78E}.Debug|Any CPU.Build.0 = Debug|Any CPU
		{89EF94FF-BA8D-4FD4-B18E-B6E2C3DDD78E}.Release|Any CPU.ActiveCfg = Release|Any CPU
		{89EF94FF-BA8D-4FD4-B18E-B6E2C3DDD78E}.Release|Any CPU.Build.0 = Release|Any CPU
	EndGlobalSection
	GlobalSection(SolutionProperties) = preSolution
		HideSolutionNode = FALSE
	EndGlobalSection
	GlobalSection(ExtensibilityGlobals) = postSolution
		SolutionGuid = {2ACCF1C8-AC65-44EE-BF11-91219DC12FD7}
	EndGlobalSection
EndGlobal
